// !$*UTF8*$!
{
	archiveVersion = 1;
	classes = {
	};
	objectVersion = 46;
	objects = {

/* Begin PBXBuildFile section */
		840102391C156FA000180EBB /* MMPopupCategory.m in Sources */ = {isa = PBXBuildFile; fileRef = 840102381C156FA000180EBB /* MMPopupCategory.m */; };
		8401023C1C15881900180EBB /* MMPopupWindow.m in Sources */ = {isa = PBXBuildFile; fileRef = 8401023B1C15881900180EBB /* MMPopupWindow.m */; };
		848BCF4E1C0EECFD0057A9B6 /* main.m in Sources */ = {isa = PBXBuildFile; fileRef = 848BCF4D1C0EECFD0057A9B6 /* main.m */; };
		848BCF511C0EECFD0057A9B6 /* AppDelegate.m in Sources */ = {isa = PBXBuildFile; fileRef = 848BCF501C0EECFD0057A9B6 /* AppDelegate.m */; };
		848BCF541C0EECFD0057A9B6 /* ViewController.m in Sources */ = {isa = PBXBuildFile; fileRef = 848BCF531C0EECFD0057A9B6 /* ViewController.m */; };
		848BCF571C0EECFD0057A9B6 /* Main.storyboard in Resources */ = {isa = PBXBuildFile; fileRef = 848BCF551C0EECFD0057A9B6 /* Main.storyboard */; };
		848BCF591C0EECFD0057A9B6 /* Assets.xcassets in Resources */ = {isa = PBXBuildFile; fileRef = 848BCF581C0EECFD0057A9B6 /* Assets.xcassets */; };
		848BCF5C1C0EECFD0057A9B6 /* LaunchScreen.storyboard in Resources */ = {isa = PBXBuildFile; fileRef = 848BCF5A1C0EECFD0057A9B6 /* LaunchScreen.storyboard */; };
		848BCF671C0EED310057A9B6 /* MMPopupView.m in Sources */ = {isa = PBXBuildFile; fileRef = 848BCF661C0EED310057A9B6 /* MMPopupView.m */; };
		848BCF6A1C0EED540057A9B6 /* MMPopupViewItem.m in Sources */ = {isa = PBXBuildFile; fileRef = 848BCF691C0EED540057A9B6 /* MMPopupViewItem.m */; };
		848BCF6D1C0EED680057A9B6 /* MMAlertView.m in Sources */ = {isa = PBXBuildFile; fileRef = 848BCF6C1C0EED680057A9B6 /* MMAlertView.m */; };
		EE3C5893B836DF896A038BA7 /* libPods.a in Frameworks */ = {isa = PBXBuildFile; fileRef = 78E007AB3C5E758E2ED1AA60 /* libPods.a */; };
/* End PBXBuildFile section */

/* Begin PBXFileReference section */
		13A135F1AC3AF2C2FA99C0DE /* Pods.release.xcconfig */ = {isa = PBXFileReference; includeInIndex = 1; lastKnownFileType = text.xcconfig; name = Pods.release.xcconfig; path = "Pods/Target Support Files/Pods/Pods.release.xcconfig"; sourceTree = "<group>"; };
		3B5779159D128822FFD17764 /* Pods.debug.xcconfig */ = {isa = PBXFileReference; includeInIndex = 1; lastKnownFileType = text.xcconfig; name = Pods.debug.xcconfig; path = "Pods/Target Support Files/Pods/Pods.debug.xcconfig"; sourceTree = "<group>"; };
		78E007AB3C5E758E2ED1AA60 /* libPods.a */ = {isa = PBXFileReference; explicitFileType = archive.ar; includeInIndex = 0; path = libPods.a; sourceTree = BUILT_PRODUCTS_DIR; };
		840102371C156FA000180EBB /* MMPopupCategory.h */ = {isa = PBXFileReference; fileEncoding = 4; lastKnownFileType = sourcecode.c.h; path = MMPopupCategory.h; sourceTree = "<group>"; };
		840102381C156FA000180EBB /* MMPopupCategory.m */ = {isa = PBXFileReference; fileEncoding = 4; lastKnownFileType = sourcecode.c.objc; path = MMPopupCategory.m; sourceTree = "<group>"; };
		8401023A1C15881900180EBB /* MMPopupWindow.h */ = {isa = PBXFileReference; fileEncoding = 4; lastKnownFileType = sourcecode.c.h; path = MMPopupWindow.h; sourceTree = "<group>"; };
		8401023B1C15881900180EBB /* MMPopupWindow.m */ = {isa = PBXFileReference; fileEncoding = 4; lastKnownFileType = sourcecode.c.objc; path = MMPopupWindow.m; sourceTree = "<group>"; };
		848BCF491C0EECFD0057A9B6 /* MMPopupViewDemo.app */ = {isa = PBXFileReference; explicitFileType = wrapper.application; includeInIndex = 0; path = MMPopupViewDemo.app; sourceTree = BUILT_PRODUCTS_DIR; };
		848BCF4D1C0EECFD0057A9B6 /* main.m */ = {isa = PBXFileReference; lastKnownFileType = sourcecode.c.objc; path = main.m; sourceTree = "<group>"; };
		848BCF4F1C0EECFD0057A9B6 /* AppDelegate.h */ = {isa = PBXFileReference; lastKnownFileType = sourcecode.c.h; path = AppDelegate.h; sourceTree = "<group>"; };
		848BCF501C0EECFD0057A9B6 /* AppDelegate.m */ = {isa = PBXFileReference; lastKnownFileType = sourcecode.c.objc; path = AppDelegate.m; sourceTree = "<group>"; };
		848BCF521C0EECFD0057A9B6 /* ViewController.h */ = {isa = PBXFileReference; lastKnownFileType = sourcecode.c.h; path = ViewController.h; sourceTree = "<group>"; };
		848BCF531C0EECFD0057A9B6 /* ViewController.m */ = {isa = PBXFileReference; lastKnownFileType = sourcecode.c.objc; path = ViewController.m; sourceTree = "<group>"; };
		848BCF561C0EECFD0057A9B6 /* Base */ = {isa = PBXFileReference; lastKnownFileType = file.storyboard; name = Base; path = Base.lproj/Main.storyboard; sourceTree = "<group>"; };
		848BCF581C0EECFD0057A9B6 /* Assets.xcassets */ = {isa = PBXFileReference; lastKnownFileType = folder.assetcatalog; path = Assets.xcassets; sourceTree = "<group>"; };
		848BCF5B1C0EECFD0057A9B6 /* Base */ = {isa = PBXFileReference; lastKnownFileType = file.storyboard; name = Base; path = Base.lproj/LaunchScreen.storyboard; sourceTree = "<group>"; };
		848BCF5D1C0EECFD0057A9B6 /* Info.plist */ = {isa = PBXFileReference; lastKnownFileType = text.plist.xml; path = Info.plist; sourceTree = "<group>"; };
		848BCF651C0EED310057A9B6 /* MMPopupView.h */ = {isa = PBXFileReference; fileEncoding = 4; lastKnownFileType = sourcecode.c.h; path = MMPopupView.h; sourceTree = "<group>"; };
		848BCF661C0EED310057A9B6 /* MMPopupView.m */ = {isa = PBXFileReference; fileEncoding = 4; lastKnownFileType = sourcecode.c.objc; path = MMPopupView.m; sourceTree = "<group>"; };
		848BCF681C0EED540057A9B6 /* MMPopupViewItem.h */ = {isa = PBXFileReference; fileEncoding = 4; lastKnownFileType = sourcecode.c.h; path = MMPopupViewItem.h; sourceTree = "<group>"; };
		848BCF691C0EED540057A9B6 /* MMPopupViewItem.m */ = {isa = PBXFileReference; fileEncoding = 4; lastKnownFileType = sourcecode.c.objc; path = MMPopupViewItem.m; sourceTree = "<group>"; };
		848BCF6B1C0EED680057A9B6 /* MMAlertView.h */ = {isa = PBXFileReference; fileEncoding = 4; lastKnownFileType = sourcecode.c.h; path = MMAlertView.h; sourceTree = "<group>"; };
		848BCF6C1C0EED680057A9B6 /* MMAlertView.m */ = {isa = PBXFileReference; fileEncoding = 4; lastKnownFileType = sourcecode.c.objc; path = MMAlertView.m; sourceTree = "<group>"; };
/* End PBXFileReference section */

/* Begin PBXFrameworksBuildPhase section */
		848BCF461C0EECFD0057A9B6 /* Frameworks */ = {
			isa = PBXFrameworksBuildPhase;
			buildActionMask = 2147483647;
			files = (
				EE3C5893B836DF896A038BA7 /* libPods.a in Frameworks */,
			);
			runOnlyForDeploymentPostprocessing = 0;
		};
/* End PBXFrameworksBuildPhase section */

/* Begin PBXGroup section */
		6A5E0D0EA02BFF7375F27C7E /* Frameworks */ = {
			isa = PBXGroup;
			children = (
				78E007AB3C5E758E2ED1AA60 /* libPods.a */,
			);
			name = Frameworks;
			sourceTree = "<group>";
		};
		848BCF401C0EECFD0057A9B6 = {
			isa = PBXGroup;
			children = (
				848BCF4B1C0EECFD0057A9B6 /* MMPopupViewDemo */,
				848BCF4A1C0EECFD0057A9B6 /* Products */,
				ECF4AD3493A9AEC357C337A0 /* Pods */,
				6A5E0D0EA02BFF7375F27C7E /* Frameworks */,
			);
			sourceTree = "<group>";
		};
		848BCF4A1C0EECFD0057A9B6 /* Products */ = {
			isa = PBXGroup;
			children = (
				848BCF491C0EECFD0057A9B6 /* MMPopupViewDemo.app */,
			);
			name = Products;
			sourceTree = "<group>";
		};
		848BCF4B1C0EECFD0057A9B6 /* MMPopupViewDemo */ = {
			isa = PBXGroup;
			children = (
				848BCF631C0EED060057A9B6 /* Classes */,
				848BCF4F1C0EECFD0057A9B6 /* AppDelegate.h */,
				848BCF501C0EECFD0057A9B6 /* AppDelegate.m */,
				848BCF521C0EECFD0057A9B6 /* ViewController.h */,
				848BCF531C0EECFD0057A9B6 /* ViewController.m */,
				848BCF551C0EECFD0057A9B6 /* Main.storyboard */,
				848BCF581C0EECFD0057A9B6 /* Assets.xcassets */,
				848BCF5A1C0EECFD0057A9B6 /* LaunchScreen.storyboard */,
				848BCF5D1C0EECFD0057A9B6 /* Info.plist */,
				848BCF4C1C0EECFD0057A9B6 /* Supporting Files */,
			);
			path = MMPopupViewDemo;
			sourceTree = "<group>";
		};
		848BCF4C1C0EECFD0057A9B6 /* Supporting Files */ = {
			isa = PBXGroup;
			children = (
				848BCF4D1C0EECFD0057A9B6 /* main.m */,
			);
			name = "Supporting Files";
			sourceTree = "<group>";
		};
		848BCF631C0EED060057A9B6 /* Classes */ = {
			isa = PBXGroup;
			children = (
				848BCF651C0EED310057A9B6 /* MMPopupView.h */,
				848BCF661C0EED310057A9B6 /* MMPopupView.m */,
				8401023A1C15881900180EBB /* MMPopupWindow.h */,
				8401023B1C15881900180EBB /* MMPopupWindow.m */,
				848BCF681C0EED540057A9B6 /* MMPopupViewItem.h */,
				848BCF691C0EED540057A9B6 /* MMPopupViewItem.m */,
				848BCF6B1C0EED680057A9B6 /* MMAlertView.h */,
				848BCF6C1C0EED680057A9B6 /* MMAlertView.m */,
				840102371C156FA000180EBB /* MMPopupCategory.h */,
				840102381C156FA000180EBB /* MMPopupCategory.m */,
			);
			name = Classes;
			sourceTree = "<group>";
		};
		ECF4AD3493A9AEC357C337A0 /* Pods */ = {
			isa = PBXGroup;
			children = (
				3B5779159D128822FFD17764 /* Pods.debug.xcconfig */,
				13A135F1AC3AF2C2FA99C0DE /* Pods.release.xcconfig */,
			);
			name = Pods;
			sourceTree = "<group>";
		};
/* End PBXGroup section */

/* Begin PBXNativeTarget section */
		848BCF481C0EECFD0057A9B6 /* MMPopupViewDemo */ = {
			isa = PBXNativeTarget;
			buildConfigurationList = 848BCF601C0EECFD0057A9B6 /* Build configuration list for PBXNativeTarget "MMPopupViewDemo" */;
			buildPhases = (
				AAC99AA68EFEE488D22C13B5 /* Check Pods Manifest.lock */,
				848BCF451C0EECFD0057A9B6 /* Sources */,
				848BCF461C0EECFD0057A9B6 /* Frameworks */,
				848BCF471C0EECFD0057A9B6 /* Resources */,
				C1D5A96879EC0B4586B3CF6A /* Copy Pods Resources */,
			);
			buildRules = (
			);
			dependencies = (
			);
			name = MMPopupViewDemo;
			productName = MMPopupViewDemo;
			productReference = 848BCF491C0EECFD0057A9B6 /* MMPopupViewDemo.app */;
			productType = "com.apple.product-type.application";
		};
/* End PBXNativeTarget section */

/* Begin PBXProject section */
		848BCF411C0EECFD0057A9B6 /* Project object */ = {
			isa = PBXProject;
			attributes = {
				LastUpgradeCheck = 0710;
				ORGANIZATIONNAME = taitanxiami;
				TargetAttributes = {
					848BCF481C0EECFD0057A9B6 = {
						CreatedOnToolsVersion = 7.1.1;
					};
				};
			};
			buildConfigurationList = 848BCF441C0EECFD0057A9B6 /* Build configuration list for PBXProject "MMPopupViewDemo" */;
			compatibilityVersion = "Xcode 3.2";
			developmentRegion = English;
			hasScannedForEncodings = 0;
			knownRegions = (
				en,
				Base,
			);
			mainGroup = 848BCF401C0EECFD0057A9B6;
			productRefGroup = 848BCF4A1C0EECFD0057A9B6 /* Products */;
			projectDirPath = "";
			projectRoot = "";
			targets = (
				848BCF481C0EECFD0057A9B6 /* MMPopupViewDemo */,
			);
		};
/* End PBXProject section */

/* Begin PBXResourcesBuildPhase section */
		848BCF471C0EECFD0057A9B6 /* Resources */ = {
			isa = PBXResourcesBuildPhase;
			buildActionMask = 2147483647;
			files = (
				848BCF5C1C0EECFD0057A9B6 /* LaunchScreen.storyboard in Resources */,
				848BCF591C0EECFD0057A9B6 /* Assets.xcassets in Resources */,
				848BCF571C0EECFD0057A9B6 /* Main.storyboard in Resources */,
			);
			runOnlyForDeploymentPostprocessing = 0;
		};
/* End PBXResourcesBuildPhase section */

/* Begin PBXShellScriptBuildPhase section */
		AAC99AA68EFEE488D22C13B5 /* Check Pods Manifest.lock */ = {
			isa = PBXShellScriptBuildPhase;
			buildActionMask = 2147483647;
			files = (
			);
			inputPaths = (
			);
			name = "Check Pods Manifest.lock";
			outputPaths = (
			);
			runOnlyForDeploymentPostprocessing = 0;
			shellPath = /bin/sh;
			shellScript = "diff \"${PODS_ROOT}/../Podfile.lock\" \"${PODS_ROOT}/Manifest.lock\" > /dev/null\nif [[ $? != 0 ]] ; then\n    cat << EOM\nerror: The sandbox is not in sync with the Podfile.lock. Run 'pod install' or update your CocoaPods installation.\nEOM\n    exit 1\nfi\n";
			showEnvVarsInLog = 0;
		};
		C1D5A96879EC0B4586B3CF6A /* Copy Pods Resources */ = {
			isa = PBXShellScriptBuildPhase;
			buildActionMask = 2147483647;
			files = (
			);
			inputPaths = (
			);
			name = "Copy Pods Resources";
			outputPaths = (
			);
			runOnlyForDeploymentPostprocessing = 0;
			shellPath = /bin/sh;
			shellScript = "\"${SRCROOT}/Pods/Target Support Files/Pods/Pods-resources.sh\"\n";
			showEnvVarsInLog = 0;
		};
/* End PBXShellScriptBuildPhase section */

/* Begin PBXSourcesBuildPhase section */
		848BCF451C0EECFD0057A9B6 /* Sources */ = {
			isa = PBXSourcesBuildPhase;
			buildActionMask = 2147483647;
			files = (
				8401023C1C15881900180EBB /* MMPopupWindow.m in Sources */,
				840102391C156FA000180EBB /* MMPopupCategory.m in Sources */,
				848BCF541C0EECFD0057A9B6 /* ViewController.m in Sources */,
				848BCF6D1C0EED680057A9B6 /* MMAlertView.m in Sources */,
				848BCF671C0EED310057A9B6 /* MMPopupView.m in Sources */,
				848BCF6A1C0EED540057A9B6 /* MMPopupViewItem.m in Sources */,
				848BCF511C0EECFD0057A9B6 /* AppDelegate.m in Sources */,
				848BCF4E1C0EECFD0057A9B6 /* main.m in Sources */,
			);
			runOnlyForDeploymentPostprocessing = 0;
		};
/* End PBXSourcesBuildPhase section */

/* Begin PBXVariantGroup section */
		848BCF551C0EECFD0057A9B6 /* Main.storyboard */ = {
			isa = PBXVariantGroup;
			children = (
				848BCF561C0EECFD0057A9B6 /* Base */,
			);
			name = Main.storyboard;
			sourceTree = "<group>";
		};
		848BCF5A1C0EECFD0057A9B6 /* LaunchScreen.storyboard */ = {
			isa = PBXVariantGroup;
			children = (
				848BCF5B1C0EECFD0057A9B6 /* Base */,
			);
			name = LaunchScreen.storyboard;
			sourceTree = "<group>";
		};
/* End PBXVariantGroup section */

/* Begin XCBuildConfiguration section */
		848BCF5E1C0EECFD0057A9B6 /* Debug */ = {
			isa = XCBuildConfiguration;
			buildSettings = {
				ALWAYS_SEARCH_USER_PATHS = NO;
				CLANG_CXX_LANGUAGE_STANDARD = "gnu++0x";
				CLANG_CXX_LIBRARY = "libc++";
				CLANG_ENABLE_MODULES = YES;
				CLANG_ENABLE_OBJC_ARC = YES;
				CLANG_WARN_BOOL_CONVERSION = YES;
				CLANG_WARN_CONSTANT_CONVERSION = YES;
				CLANG_WARN_DIRECT_OBJC_ISA_USAGE = YES_ERROR;
				CLANG_WARN_EMPTY_BODY = YES;
				CLANG_WARN_ENUM_CONVERSION = YES;
				CLANG_WARN_INT_CONVERSION = YES;
				CLANG_WARN_OBJC_ROOT_CLASS = YES_ERROR;
				CLANG_WARN_UNREACHABLE_CODE = YES;
				CLANG_WARN__DUPLICATE_METHOD_MATCH = YES;
				"CODE_SIGN_IDENTITY[sdk=iphoneos*]" = "iPhone Developer";
				COPY_PHASE_STRIP = NO;
				DEBUG_INFORMATION_FORMAT = dwarf;
				ENABLE_STRICT_OBJC_MSGSEND = YES;
				ENABLE_TESTABILITY = YES;
				GCC_C_LANGUAGE_STANDARD = gnu99;
				GCC_DYNAMIC_NO_PIC = NO;
				GCC_NO_COMMON_BLOCKS = YES;
				GCC_OPTIMIZATION_LEVEL = 0;
				GCC_PREPROCESSOR_DEFINITIONS = (
					"DEBUG=1",
					"$(inherited)",
				);
				GCC_WARN_64_TO_32_BIT_CONVERSION = YES;
				GCC_WARN_ABOUT_RETURN_TYPE = YES_ERROR;
				GCC_WARN_UNDECLARED_SELECTOR = YES;
				GCC_WARN_UNINITIALIZED_AUTOS = YES_AGGRESSIVE;
				GCC_WARN_UNUSED_FUNCTION = YES;
				GCC_WARN_UNUSED_VARIABLE = YES;
				IPHONEOS_DEPLOYMENT_TARGET = 9.1;
				MTL_ENABLE_DEBUG_INFO = YES;
				ONLY_ACTIVE_ARCH = YES;
				SDKROOT = iphoneos;
				TARGETED_DEVICE_FAMILY = "1,2";
			};
			name = Debug;
		};
		848BCF5F1C0EECFD0057A9B6 /* Release */ = {
			isa = XCBuildConfiguration;
			buildSettings = {
				ALWAYS_SEARCH_USER_PATHS = NO;
				CLANG_CXX_LANGUAGE_STANDARD = "gnu++0x";
				CLANG_CXX_LIBRARY = "libc++";
				CLANG_ENABLE_MODULES = YES;
				CLANG_ENABLE_OBJC_ARC = YES;
				CLANG_WARN_BOOL_CONVERSION = YES;
				CLANG_WARN_CONSTANT_CONVERSION = YES;
				CLANG_WARN_DIRECT_OBJC_ISA_USAGE = YES_ERROR;
				CLANG_WARN_EMPTY_BODY = YES;
				CLANG_WARN_ENUM_CONVERSION = YES;
				CLANG_WARN_INT_CONVERSION = YES;
				CLANG_WARN_OBJC_ROOT_CLASS = YES_ERROR;
				CLANG_WARN_UNREACHABLE_CODE = YES;
				CLANG_WARN__DUPLICATE_METHOD_MATCH = YES;
				"CODE_SIGN_IDENTITY[sdk=iphoneos*]" = "iPhone Developer";
				COPY_PHASE_STRIP = NO;
				DEBUG_INFORMATION_FORMAT = "dwarf-with-dsym";
				ENABLE_NS_ASSERTIONS = NO;
				ENABLE_STRICT_OBJC_MSGSEND = YES;
				GCC_C_LANGUAGE_STANDARD = gnu99;
				GCC_NO_COMMON_BLOCKS = YES;
				GCC_WARN_64_TO_32_BIT_CONVERSION = YES;
				GCC_WARN_ABOUT_RETURN_TYPE = YES_ERROR;
				GCC_WARN_UNDECLARED_SELECTOR = YES;
				GCC_WARN_UNINITIALIZED_AUTOS = YES_AGGRESSIVE;
				GCC_WARN_UNUSED_FUNCTION = YES;
				GCC_WARN_UNUSED_VARIABLE = YES;
				IPHONEOS_DEPLOYMENT_TARGET = 9.1;
				MTL_ENABLE_DEBUG_INFO = NO;
				SDKROOT = iphoneos;
				TARGETED_DEVICE_FAMILY = "1,2";
				VALIDATE_PRODUCT = YES;
			};
			name = Release;
		};
		848BCF611C0EECFD0057A9B6 /* Debug */ = {
			isa = XCBuildConfiguration;
			baseConfigurationReference = 3B5779159D128822FFD17764 /* Pods.debug.xcconfig */;
			buildSettings = {
				ASSETCATALOG_COMPILER_APPICON_NAME = AppIcon;
				INFOPLIST_FILE = MMPopupViewDemo/Info.plist;
				IPHONEOS_DEPLOYMENT_TARGET = 8.0;
				LD_RUNPATH_SEARCH_PATHS = "$(inherited) @executable_path/Frameworks";
				PRODUCT_BUNDLE_IDENTIFIER = com.dianda.MMPopupViewDemo;
				PRODUCT_NAME = "$(TARGET_NAME)";
			};
			name = Debug;
		};
		848BCF621C0EECFD0057A9B6 /* Release */ = {
			isa = XCBuildConfiguration;
			baseConfigurationReference = 13A135F1AC3AF2C2FA99C0DE /* Pods.release.xcconfig */;
			buildSettings = {
				ASSETCATALOG_COMPILER_APPICON_NAME = AppIcon;
				INFOPLIST_FILE = MMPopupViewDemo/Info.plist;
				IPHONEOS_DEPLOYMENT_TARGET = 8.0;
				LD_RUNPATH_SEARCH_PATHS = "$(inherited) @executable_path/Frameworks";
				PRODUCT_BUNDLE_IDENTIFIER = com.dianda.MMPopupViewDemo;
				PRODUCT_NAME = "$(TARGET_NAME)";
			};
			name = Release;
		};
/* End XCBuildConfiguration section */

/* Begin XCConfigurationList section */
		848BCF441C0EECFD0057A9B6 /* Build configuration list for PBXProject "MMPopupViewDemo" */ = {
			isa = XCConfigurationList;
			buildConfigurations = (
				848BCF5E1C0EECFD0057A9B6 /* Debug */,
				848BCF5F1C0EECFD0057A9B6 /* Release */,
			);
			defaultConfigurationIsVisible = 0;
			defaultConfigurationName = Release;
		};
		848BCF601C0EECFD0057A9B6 /* Build configuration list for PBXNativeTarget "MMPopupViewDemo" */ = {
			isa = XCConfigurationList;
			buildConfigurations = (
				848BCF611C0EECFD0057A9B6 /* Debug */,
				848BCF621C0EECFD0057A9B6 /* Release */,
			);
			defaultConfigurationIsVisible = 0;
			defaultConfigurationName = Release;
		};
/* End XCConfigurationList section */
	};
	rootObject = 848BCF411C0EECFD0057A9B6 /* Project object */;
}
